
Microsoft Visual Studio Solution File, Format Version 12.00
# Visual Studio Version 17
VisualStudioVersion = 17.14.36623.8 d17.14
MinimumVisualStudioVersion = 10.0.40219.1
Project("{FAE04EC0-301F-11D3-BF4B-00C04F79EFBC}") = "ReservationSystem", "ReservationSystem.csproj", "{ACB836B2-8810-47DE-972E-1A88A8DA0B96}"
EndProject
Global
	GlobalSection(SolutionConfigurationPlatforms) = preSolution
		Debug|Any CPU = Debug|Any CPU
		Release|Any CPU = Release|Any CPU
	EndGlobalSection
	GlobalSection(ProjectConfigurationPlatforms) = postSolution
		{ACB836B2-8810-47DE-972E-1A88A8DA0B96}.Debug|Any CPU.ActiveCfg = Debug|Any CPU
		{ACB836B2-8810-47DE-972E-1A88A8DA0B96}.Debug|Any CPU.Build.0 = Debug|Any CPU
		{ACB836B2-8810-47DE-972E-1A88A8DA0B96}.Release|Any CPU.ActiveCfg = Release|Any CPU
		{ACB836B2-8810-47DE-972E-1A88A8DA0B96}.Release|Any CPU.Build.0 = Release|Any CPU
	EndGlobalSection
	GlobalSection(SolutionProperties) = preSolution
		HideSolutionNode = FALSE
	EndGlobalSection
	GlobalSection(ExtensibilityGlobals) = postSolution
		SolutionGuid = {3CF8A885-EA52-4496-9358-47C9D5119807}
	EndGlobalSection
EndGlobal
